
Microsoft Visual Studio Solution File, Format Version 12.00
# Visual Studio Version 17
VisualStudioVersion = 17.11.35312.102
MinimumVisualStudioVersion = 10.0.40219.1
Project("{FAE04EC0-301F-11D3-BF4B-00C04F79EFBC}") = "LinkedList", "LinkedList\LinkedList.csproj", "{790B793C-D1B9-49E3-BEAE-C50137AC9319}"
EndProject
Global
	GlobalSection(SolutionConfigurationPlatforms) = preSolution
		Debug|Any CPU = Debug|Any CPU
		Release|Any CPU = Release|Any CPU
	EndGlobalSection
	GlobalSection(ProjectConfigurationPlatforms) = postSolution
		{790B793C-D1B9-49E3-BEAE-C50137AC9319}.Debug|Any CPU.ActiveCfg = Debug|Any CPU
		{790B793C-D1B9-49E3-BEAE-C50137AC9319}.Debug|Any CPU.Build.0 = Debug|Any CPU
		{790B793C-D1B9-49E3-BEAE-C50137AC9319}.Release|Any CPU.ActiveCfg = Release|Any CPU
		{790B793C-D1B9-49E3-BEAE-C50137AC9319}.Release|Any CPU.Build.0 = Release|Any CPU
	EndGlobalSection
	GlobalSection(SolutionProperties) = preSolution
		HideSolutionNode = FALSE
	EndGlobalSection
	GlobalSection(ExtensibilityGlobals) = postSolution
		SolutionGuid = {DC448D38-5D0F-4596-B5F3-35DCE12B8F62}
	EndGlobalSection
EndGlobal
