
Microsoft Visual Studio Solution File, Format Version 12.00
# Visual Studio Version 17
VisualStudioVersion = 17.11.35219.272
MinimumVisualStudioVersion = 10.0.40219.1
Project("{FAE04EC0-301F-11D3-BF4B-00C04F79EFBC}") = "TypeConstraints", "TypeConstraints\TypeConstraints.csproj", "{E94E96F1-B0BC-4CCF-9EFC-02D580CCB059}"
EndProject
Global
	GlobalSection(SolutionConfigurationPlatforms) = preSolution
		Debug|Any CPU = Debug|Any CPU
		Release|Any CPU = Release|Any CPU
	EndGlobalSection
	GlobalSection(ProjectConfigurationPlatforms) = postSolution
		{E94E96F1-B0BC-4CCF-9EFC-02D580CCB059}.Debug|Any CPU.ActiveCfg = Debug|Any CPU
		{E94E96F1-B0BC-4CCF-9EFC-02D580CCB059}.Debug|Any CPU.Build.0 = Debug|Any CPU
		{E94E96F1-B0BC-4CCF-9EFC-02D580CCB059}.Release|Any CPU.ActiveCfg = Release|Any CPU
		{E94E96F1-B0BC-4CCF-9EFC-02D580CCB059}.Release|Any CPU.Build.0 = Release|Any CPU
	EndGlobalSection
	GlobalSection(SolutionProperties) = preSolution
		HideSolutionNode = FALSE
	EndGlobalSection
	GlobalSection(ExtensibilityGlobals) = postSolution
		SolutionGuid = {C32F2D3B-2359-4FC6-A2EB-0916B9082D18}
	EndGlobalSection
EndGlobal
