
Microsoft Visual Studio Solution File, Format Version 12.00
# Visual Studio Version 17
VisualStudioVersion = 17.11.35312.102
MinimumVisualStudioVersion = 10.0.40219.1
Project("{FAE04EC0-301F-11D3-BF4B-00C04F79EFBC}") = "nullForgivingOperator", "nullForgivingOperator\nullForgivingOperator.csproj", "{D8A969CE-EBDF-49D4-AA3B-E3BFB6D3124E}"
EndProject
Global
	GlobalSection(SolutionConfigurationPlatforms) = preSolution
		Debug|Any CPU = Debug|Any CPU
		Release|Any CPU = Release|Any CPU
	EndGlobalSection
	GlobalSection(ProjectConfigurationPlatforms) = postSolution
		{D8A969CE-EBDF-49D4-AA3B-E3BFB6D3124E}.Debug|Any CPU.ActiveCfg = Debug|Any CPU
		{D8A969CE-EBDF-49D4-AA3B-E3BFB6D3124E}.Debug|Any CPU.Build.0 = Debug|Any CPU
		{D8A969CE-EBDF-49D4-AA3B-E3BFB6D3124E}.Release|Any CPU.ActiveCfg = Release|Any CPU
		{D8A969CE-EBDF-49D4-AA3B-E3BFB6D3124E}.Release|Any CPU.Build.0 = Release|Any CPU
	EndGlobalSection
	GlobalSection(SolutionProperties) = preSolution
		HideSolutionNode = FALSE
	EndGlobalSection
	GlobalSection(ExtensibilityGlobals) = postSolution
		SolutionGuid = {7D03E4EE-6CCB-4D45-ABF2-920CB5A3BC41}
	EndGlobalSection
EndGlobal
