
Microsoft Visual Studio Solution File, Format Version 12.00
# Visual Studio Version 17
VisualStudioVersion = 17.6.33723.286
MinimumVisualStudioVersion = 10.0.40219.1
Project("{FAE04EC0-301F-11D3-BF4B-00C04F79EFBC}") = "Delete", "Delete.csproj", "{C3222800-797B-4747-A701-0E49C933B8AA}"
EndProject
Global
	GlobalSection(SolutionConfigurationPlatforms) = preSolution
		Debug|Any CPU = Debug|Any CPU
		Release|Any CPU = Release|Any CPU
	EndGlobalSection
	GlobalSection(ProjectConfigurationPlatforms) = postSolution
		{C3222800-797B-4747-A701-0E49C933B8AA}.Debug|Any CPU.ActiveCfg = Debug|Any CPU
		{C3222800-797B-4747-A701-0E49C933B8AA}.Debug|Any CPU.Build.0 = Debug|Any CPU
		{C3222800-797B-4747-A701-0E49C933B8AA}.Release|Any CPU.ActiveCfg = Release|Any CPU
		{C3222800-797B-4747-A701-0E49C933B8AA}.Release|Any CPU.Build.0 = Release|Any CPU
	EndGlobalSection
	GlobalSection(SolutionProperties) = preSolution
		HideSolutionNode = FALSE
	EndGlobalSection
	GlobalSection(ExtensibilityGlobals) = postSolution
		SolutionGuid = {146F0711-B71F-405C-862E-998E06883323}
	EndGlobalSection
EndGlobal
