
Microsoft Visual Studio Solution File, Format Version 12.00
# Visual Studio Version 17
VisualStudioVersion = 17.11.35312.102
MinimumVisualStudioVersion = 10.0.40219.1
Project("{FAE04EC0-301F-11D3-BF4B-00C04F79EFBC}") = "BinarySearchGenericAlgorithm", "BinarySearchGenericAlgorithm\BinarySearchGenericAlgorithm.csproj", "{489E07F6-0B66-496A-883D-F9FDC243E34A}"
EndProject
Global
	GlobalSection(SolutionConfigurationPlatforms) = preSolution
		Debug|Any CPU = Debug|Any CPU
		Release|Any CPU = Release|Any CPU
	EndGlobalSection
	GlobalSection(ProjectConfigurationPlatforms) = postSolution
		{489E07F6-0B66-496A-883D-F9FDC243E34A}.Debug|Any CPU.ActiveCfg = Debug|Any CPU
		{489E07F6-0B66-496A-883D-F9FDC243E34A}.Debug|Any CPU.Build.0 = Debug|Any CPU
		{489E07F6-0B66-496A-883D-F9FDC243E34A}.Release|Any CPU.ActiveCfg = Release|Any CPU
		{489E07F6-0B66-496A-883D-F9FDC243E34A}.Release|Any CPU.Build.0 = Release|Any CPU
	EndGlobalSection
	GlobalSection(SolutionProperties) = preSolution
		HideSolutionNode = FALSE
	EndGlobalSection
	GlobalSection(ExtensibilityGlobals) = postSolution
		SolutionGuid = {39106F04-1834-4D99-A2B6-6A09AB96E00B}
	EndGlobalSection
EndGlobal
