
Microsoft Visual Studio Solution File, Format Version 12.00
# Visual Studio Version 17
VisualStudioVersion = 17.11.35222.181
MinimumVisualStudioVersion = 10.0.40219.1
Project("{FAE04EC0-301F-11D3-BF4B-00C04F79EFBC}") = "LinqChainOfMethods", "LinqChainOfMethods\LinqChainOfMethods.csproj", "{702D673E-CA4C-410B-A4B3-32839E27BFCD}"
EndProject
Global
	GlobalSection(SolutionConfigurationPlatforms) = preSolution
		Debug|Any CPU = Debug|Any CPU
		Release|Any CPU = Release|Any CPU
	EndGlobalSection
	GlobalSection(ProjectConfigurationPlatforms) = postSolution
		{702D673E-CA4C-410B-A4B3-32839E27BFCD}.Debug|Any CPU.ActiveCfg = Debug|Any CPU
		{702D673E-CA4C-410B-A4B3-32839E27BFCD}.Debug|Any CPU.Build.0 = Debug|Any CPU
		{702D673E-CA4C-410B-A4B3-32839E27BFCD}.Release|Any CPU.ActiveCfg = Release|Any CPU
		{702D673E-CA4C-410B-A4B3-32839E27BFCD}.Release|Any CPU.Build.0 = Release|Any CPU
	EndGlobalSection
	GlobalSection(SolutionProperties) = preSolution
		HideSolutionNode = FALSE
	EndGlobalSection
	GlobalSection(ExtensibilityGlobals) = postSolution
		SolutionGuid = {2FA98193-0F83-4C39-9541-76B85FE3B392}
	EndGlobalSection
EndGlobal
