
Microsoft Visual Studio Solution File, Format Version 12.00
# Visual Studio Version 17
VisualStudioVersion = 17.11.35327.3
MinimumVisualStudioVersion = 10.0.40219.1
Project("{FAE04EC0-301F-11D3-BF4B-00C04F79EFBC}") = "StringBuilderExercise", "StringBuilderExercise\StringBuilderExercise.csproj", "{06BBC197-71BC-42CD-9857-2FAB8275EC0E}"
EndProject
Project("{2150E333-8FDC-42A3-9474-1A3956D46DE8}") = "Solution Items", "Solution Items", "{8DFB2E3F-7458-4CDA-A11A-C9ED64123EFB}"
	ProjectSection(SolutionItems) = preProject
		readme.md = readme.md
	EndProjectSection
EndProject
Global
	GlobalSection(SolutionConfigurationPlatforms) = preSolution
		Debug|Any CPU = Debug|Any CPU
		Release|Any CPU = Release|Any CPU
	EndGlobalSection
	GlobalSection(ProjectConfigurationPlatforms) = postSolution
		{06BBC197-71BC-42CD-9857-2FAB8275EC0E}.Debug|Any CPU.ActiveCfg = Debug|Any CPU
		{06BBC197-71BC-42CD-9857-2FAB8275EC0E}.Debug|Any CPU.Build.0 = Debug|Any CPU
		{06BBC197-71BC-42CD-9857-2FAB8275EC0E}.Release|Any CPU.ActiveCfg = Release|Any CPU
		{06BBC197-71BC-42CD-9857-2FAB8275EC0E}.Release|Any CPU.Build.0 = Release|Any CPU
	EndGlobalSection
	GlobalSection(SolutionProperties) = preSolution
		HideSolutionNode = FALSE
	EndGlobalSection
	GlobalSection(ExtensibilityGlobals) = postSolution
		SolutionGuid = {7034F344-57AA-4E11-8C6D-528FC8A7699A}
	EndGlobalSection
EndGlobal
