
Microsoft Visual Studio Solution File, Format Version 12.00
# Visual Studio Version 17
VisualStudioVersion = 17.11.35303.130
MinimumVisualStudioVersion = 10.0.40219.1
Project("{FAE04EC0-301F-11D3-BF4B-00C04F79EFBC}") = "StreamReaderFromCsvFile", "StreamReaderFromCsvFile\StreamReaderFromCsvFile.csproj", "{22415BC1-6801-4CB7-8DF7-C0A297A7D8C5}"
EndProject
Global
	GlobalSection(SolutionConfigurationPlatforms) = preSolution
		Debug|Any CPU = Debug|Any CPU
		Release|Any CPU = Release|Any CPU
	EndGlobalSection
	GlobalSection(ProjectConfigurationPlatforms) = postSolution
		{22415BC1-6801-4CB7-8DF7-C0A297A7D8C5}.Debug|Any CPU.ActiveCfg = Debug|Any CPU
		{22415BC1-6801-4CB7-8DF7-C0A297A7D8C5}.Debug|Any CPU.Build.0 = Debug|Any CPU
		{22415BC1-6801-4CB7-8DF7-C0A297A7D8C5}.Release|Any CPU.ActiveCfg = Release|Any CPU
		{22415BC1-6801-4CB7-8DF7-C0A297A7D8C5}.Release|Any CPU.Build.0 = Release|Any CPU
	EndGlobalSection
	GlobalSection(SolutionProperties) = preSolution
		HideSolutionNode = FALSE
	EndGlobalSection
	GlobalSection(ExtensibilityGlobals) = postSolution
		SolutionGuid = {6C1B63F4-614B-4689-A69F-4B0C570EEF7D}
	EndGlobalSection
EndGlobal
