
Microsoft Visual Studio Solution File, Format Version 12.00
# Visual Studio Version 17
VisualStudioVersion = 17.11.35219.272
MinimumVisualStudioVersion = 10.0.40219.1
Project("{FAE04EC0-301F-11D3-BF4B-00C04F79EFBC}") = "FuncsAndActions", "FuncsAndActions\FuncsAndActions.csproj", "{DD6D2585-D7AF-42C7-BB8B-37144D1BD95F}"
EndProject
Global
	GlobalSection(SolutionConfigurationPlatforms) = preSolution
		Debug|Any CPU = Debug|Any CPU
		Release|Any CPU = Release|Any CPU
	EndGlobalSection
	GlobalSection(ProjectConfigurationPlatforms) = postSolution
		{DD6D2585-D7AF-42C7-BB8B-37144D1BD95F}.Debug|Any CPU.ActiveCfg = Debug|Any CPU
		{DD6D2585-D7AF-42C7-BB8B-37144D1BD95F}.Debug|Any CPU.Build.0 = Debug|Any CPU
		{DD6D2585-D7AF-42C7-BB8B-37144D1BD95F}.Release|Any CPU.ActiveCfg = Release|Any CPU
		{DD6D2585-D7AF-42C7-BB8B-37144D1BD95F}.Release|Any CPU.Build.0 = Release|Any CPU
	EndGlobalSection
	GlobalSection(SolutionProperties) = preSolution
		HideSolutionNode = FALSE
	EndGlobalSection
	GlobalSection(ExtensibilityGlobals) = postSolution
		SolutionGuid = {95B586F5-C405-4EB8-BF8E-236A294B2118}
	EndGlobalSection
EndGlobal
