
Microsoft Visual Studio Solution File, Format Version 12.00
# Visual Studio Version 17
VisualStudioVersion = 17.11.35312.102
MinimumVisualStudioVersion = 10.0.40219.1
Project("{FAE04EC0-301F-11D3-BF4B-00C04F79EFBC}") = "ApiHttpClient", "ApiHttpClient\ApiHttpClient.csproj", "{1F7936C1-81BD-48D4-A8C5-EB22855B258F}"
EndProject
Global
	GlobalSection(SolutionConfigurationPlatforms) = preSolution
		Debug|Any CPU = Debug|Any CPU
		Release|Any CPU = Release|Any CPU
	EndGlobalSection
	GlobalSection(ProjectConfigurationPlatforms) = postSolution
		{1F7936C1-81BD-48D4-A8C5-EB22855B258F}.Debug|Any CPU.ActiveCfg = Debug|Any CPU
		{1F7936C1-81BD-48D4-A8C5-EB22855B258F}.Debug|Any CPU.Build.0 = Debug|Any CPU
		{1F7936C1-81BD-48D4-A8C5-EB22855B258F}.Release|Any CPU.ActiveCfg = Release|Any CPU
		{1F7936C1-81BD-48D4-A8C5-EB22855B258F}.Release|Any CPU.Build.0 = Release|Any CPU
	EndGlobalSection
	GlobalSection(SolutionProperties) = preSolution
		HideSolutionNode = FALSE
	EndGlobalSection
	GlobalSection(ExtensibilityGlobals) = postSolution
		SolutionGuid = {8B95091C-758D-445B-8A49-8FAA7C9BBFF9}
	EndGlobalSection
EndGlobal
