
Microsoft Visual Studio Solution File, Format Version 12.00
# Visual Studio Version 17
VisualStudioVersion = 17.11.35312.102
MinimumVisualStudioVersion = 10.0.40219.1
Project("{FAE04EC0-301F-11D3-BF4B-00C04F79EFBC}") = "ColletionsIntro", "ColletionsIntro\ColletionsIntro.csproj", "{81FF873A-5C4F-4880-9701-C5CB2F3A4EA2}"
EndProject
Global
	GlobalSection(SolutionConfigurationPlatforms) = preSolution
		Debug|Any CPU = Debug|Any CPU
		Release|Any CPU = Release|Any CPU
	EndGlobalSection
	GlobalSection(ProjectConfigurationPlatforms) = postSolution
		{81FF873A-5C4F-4880-9701-C5CB2F3A4EA2}.Debug|Any CPU.ActiveCfg = Debug|Any CPU
		{81FF873A-5C4F-4880-9701-C5CB2F3A4EA2}.Debug|Any CPU.Build.0 = Debug|Any CPU
		{81FF873A-5C4F-4880-9701-C5CB2F3A4EA2}.Release|Any CPU.ActiveCfg = Release|Any CPU
		{81FF873A-5C4F-4880-9701-C5CB2F3A4EA2}.Release|Any CPU.Build.0 = Release|Any CPU
	EndGlobalSection
	GlobalSection(SolutionProperties) = preSolution
		HideSolutionNode = FALSE
	EndGlobalSection
	GlobalSection(ExtensibilityGlobals) = postSolution
		SolutionGuid = {257E96B9-73BE-4038-A686-8E46F4EC74B2}
	EndGlobalSection
EndGlobal
