
Microsoft Visual Studio Solution File, Format Version 12.00
# Visual Studio Version 17
VisualStudioVersion = 17.11.35312.102
MinimumVisualStudioVersion = 10.0.40219.1
Project("{FAE04EC0-301F-11D3-BF4B-00C04F79EFBC}") = "AlgorithmComplexity", "AlgorithmComplexity\AlgorithmComplexity.csproj", "{746767CB-080D-4184-B529-3E4916329A63}"
EndProject
Global
	GlobalSection(SolutionConfigurationPlatforms) = preSolution
		Debug|Any CPU = Debug|Any CPU
		Release|Any CPU = Release|Any CPU
	EndGlobalSection
	GlobalSection(ProjectConfigurationPlatforms) = postSolution
		{746767CB-080D-4184-B529-3E4916329A63}.Debug|Any CPU.ActiveCfg = Debug|Any CPU
		{746767CB-080D-4184-B529-3E4916329A63}.Debug|Any CPU.Build.0 = Debug|Any CPU
		{746767CB-080D-4184-B529-3E4916329A63}.Release|Any CPU.ActiveCfg = Release|Any CPU
		{746767CB-080D-4184-B529-3E4916329A63}.Release|Any CPU.Build.0 = Release|Any CPU
	EndGlobalSection
	GlobalSection(SolutionProperties) = preSolution
		HideSolutionNode = FALSE
	EndGlobalSection
	GlobalSection(ExtensibilityGlobals) = postSolution
		SolutionGuid = {9585CE69-E602-414A-9B9C-1C7482D437DF}
	EndGlobalSection
EndGlobal
