
Microsoft Visual Studio Solution File, Format Version 12.00
# Visual Studio Version 17
VisualStudioVersion = 17.11.35327.3
MinimumVisualStudioVersion = 10.0.40219.1
Project("{FAE04EC0-301F-11D3-BF4B-00C04F79EFBC}") = "CustomLinkedList", "CustomLinkedList\CustomLinkedList.csproj", "{3362DA23-F996-4C15-93EC-08E3B9994900}"
EndProject
Global
	GlobalSection(SolutionConfigurationPlatforms) = preSolution
		Debug|Any CPU = Debug|Any CPU
		Release|Any CPU = Release|Any CPU
	EndGlobalSection
	GlobalSection(ProjectConfigurationPlatforms) = postSolution
		{3362DA23-F996-4C15-93EC-08E3B9994900}.Debug|Any CPU.ActiveCfg = Debug|Any CPU
		{3362DA23-F996-4C15-93EC-08E3B9994900}.Debug|Any CPU.Build.0 = Debug|Any CPU
		{3362DA23-F996-4C15-93EC-08E3B9994900}.Release|Any CPU.ActiveCfg = Release|Any CPU
		{3362DA23-F996-4C15-93EC-08E3B9994900}.Release|Any CPU.Build.0 = Release|Any CPU
	EndGlobalSection
	GlobalSection(SolutionProperties) = preSolution
		HideSolutionNode = FALSE
	EndGlobalSection
	GlobalSection(ExtensibilityGlobals) = postSolution
		SolutionGuid = {88C652FE-5F79-4E3D-AC9E-A1649F5F9CC4}
	EndGlobalSection
EndGlobal
