
Microsoft Visual Studio Solution File, Format Version 12.00
# Visual Studio Version 17
VisualStudioVersion = 17.11.35222.181
MinimumVisualStudioVersion = 10.0.40219.1
Project("{FAE04EC0-301F-11D3-BF4B-00C04F79EFBC}") = "Delegates", "Delegates\Delegates.csproj", "{B16A15DC-34F1-416C-AE2B-599CA054C9EA}"
EndProject
Global
	GlobalSection(SolutionConfigurationPlatforms) = preSolution
		Debug|Any CPU = Debug|Any CPU
		Release|Any CPU = Release|Any CPU
	EndGlobalSection
	GlobalSection(ProjectConfigurationPlatforms) = postSolution
		{B16A15DC-34F1-416C-AE2B-599CA054C9EA}.Debug|Any CPU.ActiveCfg = Debug|Any CPU
		{B16A15DC-34F1-416C-AE2B-599CA054C9EA}.Debug|Any CPU.Build.0 = Debug|Any CPU
		{B16A15DC-34F1-416C-AE2B-599CA054C9EA}.Release|Any CPU.ActiveCfg = Release|Any CPU
		{B16A15DC-34F1-416C-AE2B-599CA054C9EA}.Release|Any CPU.Build.0 = Release|Any CPU
	EndGlobalSection
	GlobalSection(SolutionProperties) = preSolution
		HideSolutionNode = FALSE
	EndGlobalSection
	GlobalSection(ExtensibilityGlobals) = postSolution
		SolutionGuid = {2DE0B7E5-5298-4475-B3C7-BC010272ECF5}
	EndGlobalSection
EndGlobal
