
Microsoft Visual Studio Solution File, Format Version 12.00
# Visual Studio Version 17
VisualStudioVersion = 17.5.33530.505
MinimumVisualStudioVersion = 10.0.40219.1
Project("{FAE04EC0-301F-11D3-BF4B-00C04F79EFBC}") = "OopExamples", "OopExamples.csproj", "{CB2946BC-08EF-4C9A-A6A8-27EBC8015A47}"
EndProject
Global
	GlobalSection(SolutionConfigurationPlatforms) = preSolution
		Debug|Any CPU = Debug|Any CPU
		Release|Any CPU = Release|Any CPU
	EndGlobalSection
	GlobalSection(ProjectConfigurationPlatforms) = postSolution
		{CB2946BC-08EF-4C9A-A6A8-27EBC8015A47}.Debug|Any CPU.ActiveCfg = Debug|Any CPU
		{CB2946BC-08EF-4C9A-A6A8-27EBC8015A47}.Debug|Any CPU.Build.0 = Debug|Any CPU
		{CB2946BC-08EF-4C9A-A6A8-27EBC8015A47}.Release|Any CPU.ActiveCfg = Release|Any CPU
		{CB2946BC-08EF-4C9A-A6A8-27EBC8015A47}.Release|Any CPU.Build.0 = Release|Any CPU
	EndGlobalSection
	GlobalSection(SolutionProperties) = preSolution
		HideSolutionNode = FALSE
	EndGlobalSection
	GlobalSection(ExtensibilityGlobals) = postSolution
		SolutionGuid = {7A300405-750E-4BCC-BFFC-FDE6B6A5B99A}
	EndGlobalSection
EndGlobal
